
Microsoft Visual Studio Solution File, Format Version 12.00
# Visual Studio Version 17
VisualStudioVersion = 17.6.33829.357
MinimumVisualStudioVersion = 10.0.40219.1
Project("{FAE04EC0-301F-11D3-BF4B-00C04F79EFBC}") = "PatientAppointmentApp", "PatientAppointmentApp\PatientAppointmentApp.csproj", "{F957F2E8-F289-40CB-83D7-9D710FDC1C48}"
EndProject
Global
	GlobalSection(SolutionConfigurationPlatforms) = preSolution
		Debug|Any CPU = Debug|Any CPU
		Release|Any CPU = Release|Any CPU
	EndGlobalSection
	GlobalSection(ProjectConfigurationPlatforms) = postSolution
		{F957F2E8-F289-40CB-83D7-9D710FDC1C48}.Debug|Any CPU.ActiveCfg = Debug|Any CPU
		{F957F2E8-F289-40CB-83D7-9D710FDC1C48}.Debug|Any CPU.Build.0 = Debug|Any CPU
		{F957F2E8-F289-40CB-83D7-9D710FDC1C48}.Release|Any CPU.ActiveCfg = Release|Any CPU
		{F957F2E8-F289-40CB-83D7-9D710FDC1C48}.Release|Any CPU.Build.0 = Release|Any CPU
	EndGlobalSection
	GlobalSection(SolutionProperties) = preSolution
		HideSolutionNode = FALSE
	EndGlobalSection
	GlobalSection(ExtensibilityGlobals) = postSolution
		SolutionGuid = {FA409C4E-8415-42EF-9876-1024B24EC334}
	EndGlobalSection
EndGlobal
